
Microsoft Visual Studio Solution File, Format Version 12.00
# Visual Studio Version 16
VisualStudioVersion = 16.0.30717.126
MinimumVisualStudioVersion = 10.0.40219.1
Project("{FAE04EC0-301F-11D3-BF4B-00C04F79EFBC}") = "ContactApp", "ContactApp\ContactApp.csproj", "{23E9EDDD-1FA7-4024-A43F-CD55E3C86D15}"
EndProject
Global
	GlobalSection(SolutionConfigurationPlatforms) = preSolution
		Debug|Any CPU = Debug|Any CPU
		Release|Any CPU = Release|Any CPU
	EndGlobalSection
	GlobalSection(ProjectConfigurationPlatforms) = postSolution
		{23E9EDDD-1FA7-4024-A43F-CD55E3C86D15}.Debug|Any CPU.ActiveCfg = Debug|Any CPU
		{23E9EDDD-1FA7-4024-A43F-CD55E3C86D15}.Debug|Any CPU.Build.0 = Debug|Any CPU
		{23E9EDDD-1FA7-4024-A43F-CD55E3C86D15}.Release|Any CPU.ActiveCfg = Release|Any CPU
		{23E9EDDD-1FA7-4024-A43F-CD55E3C86D15}.Release|Any CPU.Build.0 = Release|Any CPU
	EndGlobalSection
	GlobalSection(SolutionProperties) = preSolution
		HideSolutionNode = FALSE
	EndGlobalSection
	GlobalSection(ExtensibilityGlobals) = postSolution
		SolutionGuid = {8EB275AD-97D6-4791-8E66-D248DB694F6B}
	EndGlobalSection
EndGlobal
